
Microsoft Visual Studio Solution File, Format Version 12.00
# Visual Studio Version 16
VisualStudioVersion = 16.0.32428.217
MinimumVisualStudioVersion = 10.0.40219.1
Project("{9A19103F-16F7-4668-BE54-9A1E7A4F7556}") = "ChessMate.API", "ChessMate\ChessMate.API.csproj", "{4239BA57-538D-4EB6-8CB6-039629351703}"
EndProject
Project("{9A19103F-16F7-4668-BE54-9A1E7A4F7556}") = "ChessMate.Infrastructure", "ChessMate.Infrastructure\ChessMate.Infrastructure.csproj", "{AF77EB29-47AA-48C4-BEA7-BD6F6A444A52}"
EndProject
Project("{9A19103F-16F7-4668-BE54-9A1E7A4F7556}") = "ChessMate.Models", "ChessMate.Models\ChessMate.Models.csproj", "{5F396FDF-A85F-4BDB-BF76-643576F2DA22}"
EndProject
Project("{9A19103F-16F7-4668-BE54-9A1E7A4F7556}") = "ChessMate.Application", "ChessMate.Application\ChessMate.Application.csproj", "{9788FB25-A247-4925-9B40-24C3A4DDAB2C}"
EndProject
Project("{FAE04EC0-301F-11D3-BF4B-00C04F79EFBC}") = "ChessMate.UnitTest", "ChessMate.UnitTest\ChessMate.UnitTest.csproj", "{A406D15A-3453-4EC1-8375-5DA59DF5DF7D}"
EndProject
Global
	GlobalSection(SolutionConfigurationPlatforms) = preSolution
		Debug|Any CPU = Debug|Any CPU
		Release|Any CPU = Release|Any CPU
	EndGlobalSection
	GlobalSection(ProjectConfigurationPlatforms) = postSolution
		{4239BA57-538D-4EB6-8CB6-039629351703}.Debug|Any CPU.ActiveCfg = Debug|Any CPU
		{4239BA57-538D-4EB6-8CB6-039629351703}.Debug|Any CPU.Build.0 = Debug|Any CPU
		{4239BA57-538D-4EB6-8CB6-039629351703}.Release|Any CPU.ActiveCfg = Release|Any CPU
		{4239BA57-538D-4EB6-8CB6-039629351703}.Release|Any CPU.Build.0 = Release|Any CPU
		{AF77EB29-47AA-48C4-BEA7-BD6F6A444A52}.Debug|Any CPU.ActiveCfg = Debug|Any CPU
		{AF77EB29-47AA-48C4-BEA7-BD6F6A444A52}.Debug|Any CPU.Build.0 = Debug|Any CPU
		{AF77EB29-47AA-48C4-BEA7-BD6F6A444A52}.Release|Any CPU.ActiveCfg = Release|Any CPU
		{AF77EB29-47AA-48C4-BEA7-BD6F6A444A52}.Release|Any CPU.Build.0 = Release|Any CPU
		{5F396FDF-A85F-4BDB-BF76-643576F2DA22}.Debug|Any CPU.ActiveCfg = Debug|Any CPU
		{5F396FDF-A85F-4BDB-BF76-643576F2DA22}.Debug|Any CPU.Build.0 = Debug|Any CPU
		{5F396FDF-A85F-4BDB-BF76-643576F2DA22}.Release|Any CPU.ActiveCfg = Release|Any CPU
		{5F396FDF-A85F-4BDB-BF76-643576F2DA22}.Release|Any CPU.Build.0 = Release|Any CPU
		{9788FB25-A247-4925-9B40-24C3A4DDAB2C}.Debug|Any CPU.ActiveCfg = Debug|Any CPU
		{9788FB25-A247-4925-9B40-24C3A4DDAB2C}.Debug|Any CPU.Build.0 = Debug|Any CPU
		{9788FB25-A247-4925-9B40-24C3A4DDAB2C}.Release|Any CPU.ActiveCfg = Release|Any CPU
		{9788FB25-A247-4925-9B40-24C3A4DDAB2C}.Release|Any CPU.Build.0 = Release|Any CPU
		{A406D15A-3453-4EC1-8375-5DA59DF5DF7D}.Debug|Any CPU.ActiveCfg = Debug|Any CPU
		{A406D15A-3453-4EC1-8375-5DA59DF5DF7D}.Debug|Any CPU.Build.0 = Debug|Any CPU
		{A406D15A-3453-4EC1-8375-5DA59DF5DF7D}.Release|Any CPU.ActiveCfg = Release|Any CPU
		{A406D15A-3453-4EC1-8375-5DA59DF5DF7D}.Release|Any CPU.Build.0 = Release|Any CPU
	EndGlobalSection
	GlobalSection(SolutionProperties) = preSolution
		HideSolutionNode = FALSE
	EndGlobalSection
	GlobalSection(ExtensibilityGlobals) = postSolution
		SolutionGuid = {9312B2C8-820C-4461-8414-E8181C58047A}
	EndGlobalSection
EndGlobal
